
Microsoft Visual Studio Solution File, Format Version 12.00
# Visual Studio Version 16
VisualStudioVersion = 16.0.30804.86
MinimumVisualStudioVersion = 10.0.40219.1
Project("{FAE04EC0-301F-11D3-BF4B-00C04F79EFBC}") = "Delegates events", "Delegates events\Delegates events.csproj", "{B9B61CC9-92DF-491C-A0B6-3CC9C826E7E3}"
EndProject
Global
	GlobalSection(SolutionConfigurationPlatforms) = preSolution
		Debug|Any CPU = Debug|Any CPU
		Release|Any CPU = Release|Any CPU
	EndGlobalSection
	GlobalSection(ProjectConfigurationPlatforms) = postSolution
		{B9B61CC9-92DF-491C-A0B6-3CC9C826E7E3}.Debug|Any CPU.ActiveCfg = Debug|Any CPU
		{B9B61CC9-92DF-491C-A0B6-3CC9C826E7E3}.Debug|Any CPU.Build.0 = Debug|Any CPU
		{B9B61CC9-92DF-491C-A0B6-3CC9C826E7E3}.Release|Any CPU.ActiveCfg = Release|Any CPU
		{B9B61CC9-92DF-491C-A0B6-3CC9C826E7E3}.Release|Any CPU.Build.0 = Release|Any CPU
	EndGlobalSection
	GlobalSection(SolutionProperties) = preSolution
		HideSolutionNode = FALSE
	EndGlobalSection
	GlobalSection(ExtensibilityGlobals) = postSolution
		SolutionGuid = {957D4228-B374-450A-86D5-8D8D7B6C56D8}
	EndGlobalSection
EndGlobal
